
Microsoft Visual Studio Solution File, Format Version 12.00
# Visual Studio Version 16
VisualStudioVersion = 16.0.30413.136
MinimumVisualStudioVersion = 10.0.40219.1
Project("{FAE04EC0-301F-11D3-BF4B-00C04F79EFBC}") = "CA-2", "CA-2\CA-2.csproj", "{40E5BBBA-5EEB-43CC-96F3-737CFA383277}"
EndProject
Global
	GlobalSection(SolutionConfigurationPlatforms) = preSolution
		Debug|Any CPU = Debug|Any CPU
		Release|Any CPU = Release|Any CPU
	EndGlobalSection
	GlobalSection(ProjectConfigurationPlatforms) = postSolution
		{40E5BBBA-5EEB-43CC-96F3-737CFA383277}.Debug|Any CPU.ActiveCfg = Debug|Any CPU
		{40E5BBBA-5EEB-43CC-96F3-737CFA383277}.Debug|Any CPU.Build.0 = Debug|Any CPU
		{40E5BBBA-5EEB-43CC-96F3-737CFA383277}.Release|Any CPU.ActiveCfg = Release|Any CPU
		{40E5BBBA-5EEB-43CC-96F3-737CFA383277}.Release|Any CPU.Build.0 = Release|Any CPU
	EndGlobalSection
	GlobalSection(SolutionProperties) = preSolution
		HideSolutionNode = FALSE
	EndGlobalSection
	GlobalSection(ExtensibilityGlobals) = postSolution
		SolutionGuid = {F54C6811-6BB1-4FC2-A22B-88AB61F7A237}
	EndGlobalSection
EndGlobal
