
Microsoft Visual Studio Solution File, Format Version 12.00
# Visual Studio Version 16
VisualStudioVersion = 16.0.30413.136
MinimumVisualStudioVersion = 10.0.40219.1
Project("{FAE04EC0-301F-11D3-BF4B-00C04F79EFBC}") = "ddl trial", "ddl trial\ddl trial.csproj", "{AA8B69B8-C0B4-400C-A5FD-4A19EC5CBEA5}"
EndProject
Project("{FAE04EC0-301F-11D3-BF4B-00C04F79EFBC}") = "Mydll", "Mydll\Mydll.csproj", "{4C1C5328-26B7-4883-82E3-8C992AC39250}"
EndProject
Global
	GlobalSection(SolutionConfigurationPlatforms) = preSolution
		Debug|Any CPU = Debug|Any CPU
		Release|Any CPU = Release|Any CPU
	EndGlobalSection
	GlobalSection(ProjectConfigurationPlatforms) = postSolution
		{AA8B69B8-C0B4-400C-A5FD-4A19EC5CBEA5}.Debug|Any CPU.ActiveCfg = Debug|Any CPU
		{AA8B69B8-C0B4-400C-A5FD-4A19EC5CBEA5}.Debug|Any CPU.Build.0 = Debug|Any CPU
		{AA8B69B8-C0B4-400C-A5FD-4A19EC5CBEA5}.Release|Any CPU.ActiveCfg = Release|Any CPU
		{AA8B69B8-C0B4-400C-A5FD-4A19EC5CBEA5}.Release|Any CPU.Build.0 = Release|Any CPU
		{4C1C5328-26B7-4883-82E3-8C992AC39250}.Debug|Any CPU.ActiveCfg = Debug|Any CPU
		{4C1C5328-26B7-4883-82E3-8C992AC39250}.Debug|Any CPU.Build.0 = Debug|Any CPU
		{4C1C5328-26B7-4883-82E3-8C992AC39250}.Release|Any CPU.ActiveCfg = Release|Any CPU
		{4C1C5328-26B7-4883-82E3-8C992AC39250}.Release|Any CPU.Build.0 = Release|Any CPU
	EndGlobalSection
	GlobalSection(SolutionProperties) = preSolution
		HideSolutionNode = FALSE
	EndGlobalSection
	GlobalSection(ExtensibilityGlobals) = postSolution
		SolutionGuid = {48468628-919C-40C8-A67B-58DD4FB01E2D}
	EndGlobalSection
EndGlobal
