
Microsoft Visual Studio Solution File, Format Version 12.00
# Visual Studio Version 16
VisualStudioVersion = 16.0.30413.136
MinimumVisualStudioVersion = 10.0.40219.1
Project("{FAE04EC0-301F-11D3-BF4B-00C04F79EFBC}") = "Endterm0746", "Endterm0746\Endterm0746.csproj", "{703B622F-8A98-4D12-92E8-FE776C5248CF}"
EndProject
Global
	GlobalSection(SolutionConfigurationPlatforms) = preSolution
		Debug|Any CPU = Debug|Any CPU
		Release|Any CPU = Release|Any CPU
	EndGlobalSection
	GlobalSection(ProjectConfigurationPlatforms) = postSolution
		{703B622F-8A98-4D12-92E8-FE776C5248CF}.Debug|Any CPU.ActiveCfg = Debug|Any CPU
		{703B622F-8A98-4D12-92E8-FE776C5248CF}.Debug|Any CPU.Build.0 = Debug|Any CPU
		{703B622F-8A98-4D12-92E8-FE776C5248CF}.Release|Any CPU.ActiveCfg = Release|Any CPU
		{703B622F-8A98-4D12-92E8-FE776C5248CF}.Release|Any CPU.Build.0 = Release|Any CPU
	EndGlobalSection
	GlobalSection(SolutionProperties) = preSolution
		HideSolutionNode = FALSE
	EndGlobalSection
	GlobalSection(ExtensibilityGlobals) = postSolution
		SolutionGuid = {793DDBA8-50DB-4DE9-8DE9-E87BCC2DD46B}
	EndGlobalSection
EndGlobal
