
Microsoft Visual Studio Solution File, Format Version 12.00
# Visual Studio Version 16
VisualStudioVersion = 16.0.30413.136
MinimumVisualStudioVersion = 10.0.40219.1
Project("{FAE04EC0-301F-11D3-BF4B-00C04F79EFBC}") = "Digital_clock", "Digital_clock\Digital_clock.csproj", "{F48FD1D9-25EC-4E6C-BAC4-BC976EF4D7B4}"
EndProject
Global
	GlobalSection(SolutionConfigurationPlatforms) = preSolution
		Debug|Any CPU = Debug|Any CPU
		Release|Any CPU = Release|Any CPU
	EndGlobalSection
	GlobalSection(ProjectConfigurationPlatforms) = postSolution
		{F48FD1D9-25EC-4E6C-BAC4-BC976EF4D7B4}.Debug|Any CPU.ActiveCfg = Debug|Any CPU
		{F48FD1D9-25EC-4E6C-BAC4-BC976EF4D7B4}.Debug|Any CPU.Build.0 = Debug|Any CPU
		{F48FD1D9-25EC-4E6C-BAC4-BC976EF4D7B4}.Release|Any CPU.ActiveCfg = Release|Any CPU
		{F48FD1D9-25EC-4E6C-BAC4-BC976EF4D7B4}.Release|Any CPU.Build.0 = Release|Any CPU
	EndGlobalSection
	GlobalSection(SolutionProperties) = preSolution
		HideSolutionNode = FALSE
	EndGlobalSection
	GlobalSection(ExtensibilityGlobals) = postSolution
		SolutionGuid = {AAB29E3F-5005-4D5E-8B5A-C77242D38FBA}
	EndGlobalSection
EndGlobal
