
Microsoft Visual Studio Solution File, Format Version 12.00
# Visual Studio Version 16
VisualStudioVersion = 16.0.30413.136
MinimumVisualStudioVersion = 10.0.40219.1
Project("{FAE04EC0-301F-11D3-BF4B-00C04F79EFBC}") = "c-sharp methods concepts", "c-sharp methods concepts\c-sharp methods concepts.csproj", "{11E07DE6-331A-41F7-B047-08ACE7C9CBD6}"
EndProject
Global
	GlobalSection(SolutionConfigurationPlatforms) = preSolution
		Debug|Any CPU = Debug|Any CPU
		Release|Any CPU = Release|Any CPU
	EndGlobalSection
	GlobalSection(ProjectConfigurationPlatforms) = postSolution
		{11E07DE6-331A-41F7-B047-08ACE7C9CBD6}.Debug|Any CPU.ActiveCfg = Debug|Any CPU
		{11E07DE6-331A-41F7-B047-08ACE7C9CBD6}.Debug|Any CPU.Build.0 = Debug|Any CPU
		{11E07DE6-331A-41F7-B047-08ACE7C9CBD6}.Release|Any CPU.ActiveCfg = Release|Any CPU
		{11E07DE6-331A-41F7-B047-08ACE7C9CBD6}.Release|Any CPU.Build.0 = Release|Any CPU
	EndGlobalSection
	GlobalSection(SolutionProperties) = preSolution
		HideSolutionNode = FALSE
	EndGlobalSection
	GlobalSection(ExtensibilityGlobals) = postSolution
		SolutionGuid = {E6FDFD06-8319-4C3B-BE9C-A479241C1BE5}
	EndGlobalSection
EndGlobal
