
Microsoft Visual Studio Solution File, Format Version 12.00
# Visual Studio Version 16
VisualStudioVersion = 16.0.30413.136
MinimumVisualStudioVersion = 10.0.40219.1
Project("{FAE04EC0-301F-11D3-BF4B-00C04F79EFBC}") = "Sample_Dataset", "Sample_Dataset\Sample_Dataset.csproj", "{917A675F-A993-4ACC-AF0A-41889C87F733}"
EndProject
Global
	GlobalSection(SolutionConfigurationPlatforms) = preSolution
		Debug|Any CPU = Debug|Any CPU
		Release|Any CPU = Release|Any CPU
	EndGlobalSection
	GlobalSection(ProjectConfigurationPlatforms) = postSolution
		{917A675F-A993-4ACC-AF0A-41889C87F733}.Debug|Any CPU.ActiveCfg = Debug|Any CPU
		{917A675F-A993-4ACC-AF0A-41889C87F733}.Debug|Any CPU.Build.0 = Debug|Any CPU
		{917A675F-A993-4ACC-AF0A-41889C87F733}.Release|Any CPU.ActiveCfg = Release|Any CPU
		{917A675F-A993-4ACC-AF0A-41889C87F733}.Release|Any CPU.Build.0 = Release|Any CPU
	EndGlobalSection
	GlobalSection(SolutionProperties) = preSolution
		HideSolutionNode = FALSE
	EndGlobalSection
	GlobalSection(ExtensibilityGlobals) = postSolution
		SolutionGuid = {1135A7A9-1D52-46BE-A689-CC62EEA42B1D}
	EndGlobalSection
EndGlobal
