
Microsoft Visual Studio Solution File, Format Version 12.00
# Visual Studio Version 16
VisualStudioVersion = 16.0.30413.136
MinimumVisualStudioVersion = 10.0.40219.1
Project("{FAE04EC0-301F-11D3-BF4B-00C04F79EFBC}") = "math class programs", "math class programs\math class programs.csproj", "{2031FD9F-E0E0-4B11-8E21-C87C668D2EEF}"
EndProject
Global
	GlobalSection(SolutionConfigurationPlatforms) = preSolution
		Debug|Any CPU = Debug|Any CPU
		Release|Any CPU = Release|Any CPU
	EndGlobalSection
	GlobalSection(ProjectConfigurationPlatforms) = postSolution
		{2031FD9F-E0E0-4B11-8E21-C87C668D2EEF}.Debug|Any CPU.ActiveCfg = Debug|Any CPU
		{2031FD9F-E0E0-4B11-8E21-C87C668D2EEF}.Debug|Any CPU.Build.0 = Debug|Any CPU
		{2031FD9F-E0E0-4B11-8E21-C87C668D2EEF}.Release|Any CPU.ActiveCfg = Release|Any CPU
		{2031FD9F-E0E0-4B11-8E21-C87C668D2EEF}.Release|Any CPU.Build.0 = Release|Any CPU
	EndGlobalSection
	GlobalSection(SolutionProperties) = preSolution
		HideSolutionNode = FALSE
	EndGlobalSection
	GlobalSection(ExtensibilityGlobals) = postSolution
		SolutionGuid = {A6FB3384-F888-4E92-9191-DC0AC517FCED}
	EndGlobalSection
EndGlobal
