
Microsoft Visual Studio Solution File, Format Version 12.00
# Visual Studio Version 16
VisualStudioVersion = 16.0.30413.136
MinimumVisualStudioVersion = 10.0.40219.1
Project("{FAE04EC0-301F-11D3-BF4B-00C04F79EFBC}") = "I-o operation 2", "I-o operation 2\I-o operation 2.csproj", "{16AF397B-BDF3-4F8C-BF99-E2183FA746A4}"
EndProject
Global
	GlobalSection(SolutionConfigurationPlatforms) = preSolution
		Debug|Any CPU = Debug|Any CPU
		Release|Any CPU = Release|Any CPU
	EndGlobalSection
	GlobalSection(ProjectConfigurationPlatforms) = postSolution
		{16AF397B-BDF3-4F8C-BF99-E2183FA746A4}.Debug|Any CPU.ActiveCfg = Debug|Any CPU
		{16AF397B-BDF3-4F8C-BF99-E2183FA746A4}.Debug|Any CPU.Build.0 = Debug|Any CPU
		{16AF397B-BDF3-4F8C-BF99-E2183FA746A4}.Release|Any CPU.ActiveCfg = Release|Any CPU
		{16AF397B-BDF3-4F8C-BF99-E2183FA746A4}.Release|Any CPU.Build.0 = Release|Any CPU
	EndGlobalSection
	GlobalSection(SolutionProperties) = preSolution
		HideSolutionNode = FALSE
	EndGlobalSection
	GlobalSection(ExtensibilityGlobals) = postSolution
		SolutionGuid = {8E04B28A-B83A-4826-95EC-9985ECC1F257}
	EndGlobalSection
EndGlobal
