
Microsoft Visual Studio Solution File, Format Version 12.00
# Visual Studio Version 16
VisualStudioVersion = 16.0.30413.136
MinimumVisualStudioVersion = 10.0.40219.1
Project("{FAE04EC0-301F-11D3-BF4B-00C04F79EFBC}") = "c-sharp introduction", "c-sharp introduction\c-sharp introduction.csproj", "{6A5CCD23-98FC-4277-B6CC-7E0579A071A4}"
EndProject
Global
	GlobalSection(SolutionConfigurationPlatforms) = preSolution
		Debug|Any CPU = Debug|Any CPU
		Release|Any CPU = Release|Any CPU
	EndGlobalSection
	GlobalSection(ProjectConfigurationPlatforms) = postSolution
		{6A5CCD23-98FC-4277-B6CC-7E0579A071A4}.Debug|Any CPU.ActiveCfg = Debug|Any CPU
		{6A5CCD23-98FC-4277-B6CC-7E0579A071A4}.Debug|Any CPU.Build.0 = Debug|Any CPU
		{6A5CCD23-98FC-4277-B6CC-7E0579A071A4}.Release|Any CPU.ActiveCfg = Release|Any CPU
		{6A5CCD23-98FC-4277-B6CC-7E0579A071A4}.Release|Any CPU.Build.0 = Release|Any CPU
	EndGlobalSection
	GlobalSection(SolutionProperties) = preSolution
		HideSolutionNode = FALSE
	EndGlobalSection
	GlobalSection(ExtensibilityGlobals) = postSolution
		SolutionGuid = {B29B9A7E-D72B-4B3F-8761-C206BFD71828}
	EndGlobalSection
EndGlobal
