
Microsoft Visual Studio Solution File, Format Version 12.00
# Visual Studio Version 16
VisualStudioVersion = 16.0.30413.136
MinimumVisualStudioVersion = 10.0.40219.1
Project("{FAE04EC0-301F-11D3-BF4B-00C04F79EFBC}") = "GUI_app2", "GUI_app2\GUI_app2.csproj", "{BCEA2E04-0768-4514-84EA-9782D56B1F62}"
EndProject
Global
	GlobalSection(SolutionConfigurationPlatforms) = preSolution
		Debug|Any CPU = Debug|Any CPU
		Release|Any CPU = Release|Any CPU
	EndGlobalSection
	GlobalSection(ProjectConfigurationPlatforms) = postSolution
		{BCEA2E04-0768-4514-84EA-9782D56B1F62}.Debug|Any CPU.ActiveCfg = Debug|Any CPU
		{BCEA2E04-0768-4514-84EA-9782D56B1F62}.Debug|Any CPU.Build.0 = Debug|Any CPU
		{BCEA2E04-0768-4514-84EA-9782D56B1F62}.Release|Any CPU.ActiveCfg = Release|Any CPU
		{BCEA2E04-0768-4514-84EA-9782D56B1F62}.Release|Any CPU.Build.0 = Release|Any CPU
	EndGlobalSection
	GlobalSection(SolutionProperties) = preSolution
		HideSolutionNode = FALSE
	EndGlobalSection
	GlobalSection(ExtensibilityGlobals) = postSolution
		SolutionGuid = {E4612836-0CE8-421F-B634-75A5EC09D732}
	EndGlobalSection
EndGlobal
